{
  "name": "userscripts",
  "version": "0.0.0",
  "lockfileVersion": 3,
  "requires": true,
  "packages": {
    "": {
      "name": "userscripts",
      "version": "0.0.0",
      "workspaces": [
        "packages/*"
      ],
      "engines": {
        "node": ">=22"
      }
    },
    "node_modules/@userscripts/gitlab-recent-projects": {
      "resolved": "packages/gitlab-recent-projects",
      "link": true
    },
    "packages/gitlab-recent-projects": {
      "name": "@userscripts/gitlab-recent-projects",
      "version": "3.8.0"
    }
  }
}
